
Microsoft Visual Studio Solution File, Format Version 12.00
# Visual Studio Version 16
VisualStudioVersion = 16.0.32002.261
MinimumVisualStudioVersion = 10.0.40219.1
Project("{FAE04EC0-301F-11D3-BF4B-00C04F79EFBC}") = "Maquina de cafe", "Maquina de cafe\Maquina de cafe.csproj", "{8CB7D4DB-C3BC-443E-8F8C-556C8DEF174B}"
EndProject
Global
	GlobalSection(SolutionConfigurationPlatforms) = preSolution
		Debug|Any CPU = Debug|Any CPU
		Release|Any CPU = Release|Any CPU
	EndGlobalSection
	GlobalSection(ProjectConfigurationPlatforms) = postSolution
		{8CB7D4DB-C3BC-443E-8F8C-556C8DEF174B}.Debug|Any CPU.ActiveCfg = Debug|Any CPU
		{8CB7D4DB-C3BC-443E-8F8C-556C8DEF174B}.Debug|Any CPU.Build.0 = Debug|Any CPU
		{8CB7D4DB-C3BC-443E-8F8C-556C8DEF174B}.Release|Any CPU.ActiveCfg = Release|Any CPU
		{8CB7D4DB-C3BC-443E-8F8C-556C8DEF174B}.Release|Any CPU.Build.0 = Release|Any CPU
	EndGlobalSection
	GlobalSection(SolutionProperties) = preSolution
		HideSolutionNode = FALSE
	EndGlobalSection
	GlobalSection(ExtensibilityGlobals) = postSolution
		SolutionGuid = {36955D13-2452-4434-980E-8D018C77F555}
	EndGlobalSection
EndGlobal
